{
    "requires": true,
    "lockfileVersion": 1,
    "dependencies": {
        "sweetalert2": {
            "version": "11.0.16",
            "resolved": "https://registry.npmjs.org/sweetalert2/-/sweetalert2-11.0.16.tgz",
            "integrity": "sha512-9XStCZJMQpLQBAT/jr/4qZuA5Xwoupi/x5FagZYM1qGnyRqYecaJTPD1Cb5gc7G+9B5muH/JaDaBQGrvLpCmvQ=="
        }
    }
}
